
Microsoft Visual Studio Solution File, Format Version 12.00
# Visual Studio 15
VisualStudioVersion = 15.0.28010.2041
MinimumVisualStudioVersion = 10.0.40219.1
Project("{FAE04EC0-301F-11D3-BF4B-00C04F79EFBC}") = "Tres.Api", "Tres.Api\Tres.Api.csproj", "{0D3FB5E3-8EE5-4588-A2C1-B1CB82D3A994}"
EndProject
Global
	GlobalSection(SolutionConfigurationPlatforms) = preSolution
		Debug|Any CPU = Debug|Any CPU
		Release|Any CPU = Release|Any CPU
	EndGlobalSection
	GlobalSection(ProjectConfigurationPlatforms) = postSolution
		{0D3FB5E3-8EE5-4588-A2C1-B1CB82D3A994}.Debug|Any CPU.ActiveCfg = Debug|Any CPU
		{0D3FB5E3-8EE5-4588-A2C1-B1CB82D3A994}.Debug|Any CPU.Build.0 = Debug|Any CPU
		{0D3FB5E3-8EE5-4588-A2C1-B1CB82D3A994}.Release|Any CPU.ActiveCfg = Release|Any CPU
		{0D3FB5E3-8EE5-4588-A2C1-B1CB82D3A994}.Release|Any CPU.Build.0 = Release|Any CPU
	EndGlobalSection
	GlobalSection(SolutionProperties) = preSolution
		HideSolutionNode = FALSE
	EndGlobalSection
	GlobalSection(ExtensibilityGlobals) = postSolution
		SolutionGuid = {4C486F6C-843E-4F3C-9312-EF255D91D182}
	EndGlobalSection
EndGlobal
